// !$*UTF8*$!
{
	archiveVersion = 1;
	classes = {
	};
	objectVersion = 46;
	objects = {

/* Begin PBXBuildFile section */
		3CA8A06E197968BF006487F2 /* main.swift in Sources */ = {isa = PBXBuildFile; fileRef = 3CA8A06D197968BF006487F2 /* main.swift */; };
		CB9264D8199137AF002ADE99 /* PubUtil.swift in Sources */ = {isa = PBXBuildFile; fileRef = CB9264D5199137AF002ADE99 /* PubUtil.swift */; };
		CB9264D9199137AF002ADE99 /* SExpression.swift in Sources */ = {isa = PBXBuildFile; fileRef = CB9264D6199137AF002ADE99 /* SExpression.swift */; };
		CB9264DA199137AF002ADE99 /* SObject.swift in Sources */ = {isa = PBXBuildFile; fileRef = CB9264D7199137AF002ADE99 /* SObject.swift */; };
		CBF06CAE199200DD009DB2B0 /* README.md in Sources */ = {isa = PBXBuildFile; fileRef = CBF06CAD199200DD009DB2B0 /* README.md */; };
/* End PBXBuildFile section */

/* Begin PBXCopyFilesBuildPhase section */
		3CA8A068197968BF006487F2 /* CopyFiles */ = {
			isa = PBXCopyFilesBuildPhase;
			buildActionMask = 2147483647;
			dstPath = /usr/share/man/man1/;
			dstSubfolderSpec = 0;
			files = (
			);
			runOnlyForDeploymentPostprocessing = 1;
		};
/* End PBXCopyFilesBuildPhase section */

/* Begin PBXFileReference section */
		3CA8A06A197968BF006487F2 /* IScheme */ = {isa = PBXFileReference; explicitFileType = "compiled.mach-o.executable"; includeInIndex = 0; path = IScheme; sourceTree = BUILT_PRODUCTS_DIR; };
		3CA8A06D197968BF006487F2 /* main.swift */ = {isa = PBXFileReference; lastKnownFileType = sourcecode.swift; path = main.swift; sourceTree = "<group>"; };
		CB9264D5199137AF002ADE99 /* PubUtil.swift */ = {isa = PBXFileReference; fileEncoding = 4; lastKnownFileType = sourcecode.swift; path = PubUtil.swift; sourceTree = "<group>"; };
		CB9264D6199137AF002ADE99 /* SExpression.swift */ = {isa = PBXFileReference; fileEncoding = 4; lastKnownFileType = sourcecode.swift; path = SExpression.swift; sourceTree = "<group>"; };
		CB9264D7199137AF002ADE99 /* SObject.swift */ = {isa = PBXFileReference; fileEncoding = 4; lastKnownFileType = sourcecode.swift; path = SObject.swift; sourceTree = "<group>"; };
		CBF06CAD199200DD009DB2B0 /* README.md */ = {isa = PBXFileReference; fileEncoding = 4; lastKnownFileType = net.daringfireball.markdown; path = README.md; sourceTree = "<group>"; };
/* End PBXFileReference section */

/* Begin PBXFrameworksBuildPhase section */
		3CA8A067197968BF006487F2 /* Frameworks */ = {
			isa = PBXFrameworksBuildPhase;
			buildActionMask = 2147483647;
			files = (
			);
			runOnlyForDeploymentPostprocessing = 0;
		};
/* End PBXFrameworksBuildPhase section */

/* Begin PBXGroup section */
		3CA8A061197968BF006487F2 = {
			isa = PBXGroup;
			children = (
				CBF06CAD199200DD009DB2B0 /* README.md */,
				3CA8A06C197968BF006487F2 /* IScheme */,
				3CA8A06B197968BF006487F2 /* Products */,
			);
			sourceTree = "<group>";
		};
		3CA8A06B197968BF006487F2 /* Products */ = {
			isa = PBXGroup;
			children = (
				3CA8A06A197968BF006487F2 /* IScheme */,
			);
			name = Products;
			sourceTree = "<group>";
		};
		3CA8A06C197968BF006487F2 /* IScheme */ = {
			isa = PBXGroup;
			children = (
				CB9264D5199137AF002ADE99 /* PubUtil.swift */,
				CB9264D6199137AF002ADE99 /* SExpression.swift */,
				CB9264D7199137AF002ADE99 /* SObject.swift */,
				3CA8A06D197968BF006487F2 /* main.swift */,
			);
			path = IScheme;
			sourceTree = "<group>";
		};
/* End PBXGroup section */

/* Begin PBXNativeTarget section */
		3CA8A069197968BF006487F2 /* IScheme */ = {
			isa = PBXNativeTarget;
			buildConfigurationList = 3CA8A071197968BF006487F2 /* Build configuration list for PBXNativeTarget "IScheme" */;
			buildPhases = (
				3CA8A066197968BF006487F2 /* Sources */,
				3CA8A067197968BF006487F2 /* Frameworks */,
				3CA8A068197968BF006487F2 /* CopyFiles */,
			);
			buildRules = (
			);
			dependencies = (
			);
			name = IScheme;
			productName = IScheme;
			productReference = 3CA8A06A197968BF006487F2 /* IScheme */;
			productType = "com.apple.product-type.tool";
		};
/* End PBXNativeTarget section */

/* Begin PBXProject section */
		3CA8A062197968BF006487F2 /* Project object */ = {
			isa = PBXProject;
			attributes = {
				LastSwiftUpdateCheck = 0700;
				LastUpgradeCheck = 0720;
				ORGANIZATIONNAME = king;
				TargetAttributes = {
					3CA8A069197968BF006487F2 = {
						CreatedOnToolsVersion = 6.0;
						LastSwiftMigration = 0800;
					};
				};
			};
			buildConfigurationList = 3CA8A065197968BF006487F2 /* Build configuration list for PBXProject "IScheme" */;
			compatibilityVersion = "Xcode 3.2";
			developmentRegion = English;
			hasScannedForEncodings = 0;
			knownRegions = (
				en,
			);
			mainGroup = 3CA8A061197968BF006487F2;
			productRefGroup = 3CA8A06B197968BF006487F2 /* Products */;
			projectDirPath = "";
			projectRoot = "";
			targets = (
				3CA8A069197968BF006487F2 /* IScheme */,
			);
		};
/* End PBXProject section */

/* Begin PBXSourcesBuildPhase section */
		3CA8A066197968BF006487F2 /* Sources */ = {
			isa = PBXSourcesBuildPhase;
			buildActionMask = 2147483647;
			files = (
				3CA8A06E197968BF006487F2 /* main.swift in Sources */,
				CB9264D9199137AF002ADE99 /* SExpression.swift in Sources */,
				CBF06CAE199200DD009DB2B0 /* README.md in Sources */,
				CB9264DA199137AF002ADE99 /* SObject.swift in Sources */,
				CB9264D8199137AF002ADE99 /* PubUtil.swift in Sources */,
			);
			runOnlyForDeploymentPostprocessing = 0;
		};
/* End PBXSourcesBuildPhase section */

/* Begin XCBuildConfiguration section */
		3CA8A06F197968BF006487F2 /* Debug */ = {
			isa = XCBuildConfiguration;
			buildSettings = {
				ALWAYS_SEARCH_USER_PATHS = NO;
				CLANG_CXX_LANGUAGE_STANDARD = "gnu++0x";
				CLANG_CXX_LIBRARY = "libc++";
				CLANG_ENABLE_MODULES = YES;
				CLANG_ENABLE_OBJC_ARC = YES;
				CLANG_WARN_BOOL_CONVERSION = YES;
				CLANG_WARN_CONSTANT_CONVERSION = YES;
				CLANG_WARN_DIRECT_OBJC_ISA_USAGE = YES_ERROR;
				CLANG_WARN_EMPTY_BODY = YES;
				CLANG_WARN_ENUM_CONVERSION = YES;
				CLANG_WARN_INT_CONVERSION = YES;
				CLANG_WARN_OBJC_ROOT_CLASS = YES_ERROR;
				CLANG_WARN_UNREACHABLE_CODE = YES;
				CLANG_WARN__DUPLICATE_METHOD_MATCH = YES;
				COPY_PHASE_STRIP = NO;
				ENABLE_STRICT_OBJC_MSGSEND = YES;
				ENABLE_TESTABILITY = YES;
				GCC_C_LANGUAGE_STANDARD = gnu99;
				GCC_DYNAMIC_NO_PIC = NO;
				GCC_OPTIMIZATION_LEVEL = 0;
				GCC_PREPROCESSOR_DEFINITIONS = (
					"DEBUG=1",
					"$(inherited)",
				);
				GCC_SYMBOLS_PRIVATE_EXTERN = NO;
				GCC_WARN_64_TO_32_BIT_CONVERSION = YES;
				GCC_WARN_ABOUT_RETURN_TYPE = YES_ERROR;
				GCC_WARN_UNDECLARED_SELECTOR = YES;
				GCC_WARN_UNINITIALIZED_AUTOS = YES_AGGRESSIVE;
				GCC_WARN_UNUSED_FUNCTION = YES;
				GCC_WARN_UNUSED_VARIABLE = YES;
				MACOSX_DEPLOYMENT_TARGET = 10.10;
				MTL_ENABLE_DEBUG_INFO = YES;
				ONLY_ACTIVE_ARCH = YES;
				SDKROOT = macosx;
				SWIFT_OPTIMIZATION_LEVEL = "-Onone";
			};
			name = Debug;
		};
		3CA8A070197968BF006487F2 /* Release */ = {
			isa = XCBuildConfiguration;
			buildSettings = {
				ALWAYS_SEARCH_USER_PATHS = NO;
				CLANG_CXX_LANGUAGE_STANDARD = "gnu++0x";
				CLANG_CXX_LIBRARY = "libc++";
				CLANG_ENABLE_MODULES = YES;
				CLANG_ENABLE_OBJC_ARC = YES;
				CLANG_WARN_BOOL_CONVERSION = YES;
				CLANG_WARN_CONSTANT_CONVERSION = YES;
				CLANG_WARN_DIRECT_OBJC_ISA_USAGE = YES_ERROR;
				CLANG_WARN_EMPTY_BODY = YES;
				CLANG_WARN_ENUM_CONVERSION = YES;
				CLANG_WARN_INT_CONVERSION = YES;
				CLANG_WARN_OBJC_ROOT_CLASS = YES_ERROR;
				CLANG_WARN_UNREACHABLE_CODE = YES;
				CLANG_WARN__DUPLICATE_METHOD_MATCH = YES;
				COPY_PHASE_STRIP = YES;
				DEBUG_INFORMATION_FORMAT = "dwarf-with-dsym";
				ENABLE_NS_ASSERTIONS = NO;
				ENABLE_STRICT_OBJC_MSGSEND = YES;
				GCC_C_LANGUAGE_STANDARD = gnu99;
				GCC_WARN_64_TO_32_BIT_CONVERSION = YES;
				GCC_WARN_ABOUT_RETURN_TYPE = YES_ERROR;
				GCC_WARN_UNDECLARED_SELECTOR = YES;
				GCC_WARN_UNINITIALIZED_AUTOS = YES_AGGRESSIVE;
				GCC_WARN_UNUSED_FUNCTION = YES;
				GCC_WARN_UNUSED_VARIABLE = YES;
				MACOSX_DEPLOYMENT_TARGET = 10.10;
				MTL_ENABLE_DEBUG_INFO = NO;
				SDKROOT = macosx;
			};
			name = Release;
		};
		3CA8A072197968BF006487F2 /* Debug */ = {
			isa = XCBuildConfiguration;
			buildSettings = {
				CLANG_USE_OPTIMIZATION_PROFILE = YES;
				PRODUCT_NAME = "$(TARGET_NAME)";
				SWIFT_VERSION = 3.0;
			};
			name = Debug;
		};
		3CA8A073197968BF006487F2 /* Release */ = {
			isa = XCBuildConfiguration;
			buildSettings = {
				CLANG_USE_OPTIMIZATION_PROFILE = YES;
				PRODUCT_NAME = "$(TARGET_NAME)";
				SWIFT_VERSION = 3.0;
			};
			name = Release;
		};
/* End XCBuildConfiguration section */

/* Begin XCConfigurationList section */
		3CA8A065197968BF006487F2 /* Build configuration list for PBXProject "IScheme" */ = {
			isa = XCConfigurationList;
			buildConfigurations = (
				3CA8A06F197968BF006487F2 /* Debug */,
				3CA8A070197968BF006487F2 /* Release */,
			);
			defaultConfigurationIsVisible = 0;
			defaultConfigurationName = Release;
		};
		3CA8A071197968BF006487F2 /* Build configuration list for PBXNativeTarget "IScheme" */ = {
			isa = XCConfigurationList;
			buildConfigurations = (
				3CA8A072197968BF006487F2 /* Debug */,
				3CA8A073197968BF006487F2 /* Release */,
			);
			defaultConfigurationIsVisible = 0;
			defaultConfigurationName = Release;
		};
/* End XCConfigurationList section */
	};
	rootObject = 3CA8A062197968BF006487F2 /* Project object */;
}
